
Microsoft Visual Studio Solution File, Format Version 12.00
# Visual Studio Version 17
VisualStudioVersion = 17.8.34316.72
MinimumVisualStudioVersion = 10.0.40219.1
Project("{FAE04EC0-301F-11D3-BF4B-00C04F79EFBC}") = "JsonCombine", "JsonCombine\JsonCombine.csproj", "{53EA787A-34B3-4647-9A4F-A974B75368F8}"
EndProject
Global
	GlobalSection(SolutionConfigurationPlatforms) = preSolution
		Debug|Any CPU = Debug|Any CPU
		Release|Any CPU = Release|Any CPU
	EndGlobalSection
	GlobalSection(ProjectConfigurationPlatforms) = postSolution
		{53EA787A-34B3-4647-9A4F-A974B75368F8}.Debug|Any CPU.ActiveCfg = Debug|Any CPU
		{53EA787A-34B3-4647-9A4F-A974B75368F8}.Debug|Any CPU.Build.0 = Debug|Any CPU
		{53EA787A-34B3-4647-9A4F-A974B75368F8}.Release|Any CPU.ActiveCfg = Release|Any CPU
		{53EA787A-34B3-4647-9A4F-A974B75368F8}.Release|Any CPU.Build.0 = Release|Any CPU
	EndGlobalSection
	GlobalSection(SolutionProperties) = preSolution
		HideSolutionNode = FALSE
	EndGlobalSection
	GlobalSection(ExtensibilityGlobals) = postSolution
		SolutionGuid = {73CE35DE-A22E-4A94-908D-F3A7CAAF1248}
	EndGlobalSection
EndGlobal
